
Microsoft Visual Studio Solution File, Format Version 12.00
# Visual Studio 14
VisualStudioVersion = 14.0.23107.0
MinimumVisualStudioVersion = 10.0.40219.1
Project("{FAE04EC0-301F-11D3-BF4B-00C04F79EFBC}") = "Localwire.Graphinder.Core", "Localwire.Graphinder.Core\Localwire.Graphinder.Core.csproj", "{9BE00B94-B116-4387-9ACD-7902BC0B5E37}"
EndProject
Project("{FAE04EC0-301F-11D3-BF4B-00C04F79EFBC}") = "Localwire.Graphinder.Core.Tests", "Localwire.Graphinder.Core.Tests\Localwire.Graphinder.Core.Tests.csproj", "{496204F1-CAA1-45B0-8DDF-937A26C9A125}"
EndProject
Project("{FAE04EC0-301F-11D3-BF4B-00C04F79EFBC}") = "Localwire.Graphinder.ConsoleApp", "Localwire.Graphinder.Console\Localwire.Graphinder.ConsoleApp.csproj", "{22E8BACD-E2B1-497D-A24C-4D57B237EC60}"
EndProject
Global
	GlobalSection(SolutionConfigurationPlatforms) = preSolution
		Debug|Any CPU = Debug|Any CPU
		Release|Any CPU = Release|Any CPU
	EndGlobalSection
	GlobalSection(ProjectConfigurationPlatforms) = postSolution
		{9BE00B94-B116-4387-9ACD-7902BC0B5E37}.Debug|Any CPU.ActiveCfg = Debug|Any CPU
		{9BE00B94-B116-4387-9ACD-7902BC0B5E37}.Debug|Any CPU.Build.0 = Debug|Any CPU
		{9BE00B94-B116-4387-9ACD-7902BC0B5E37}.Release|Any CPU.ActiveCfg = Release|Any CPU
		{9BE00B94-B116-4387-9ACD-7902BC0B5E37}.Release|Any CPU.Build.0 = Release|Any CPU
		{496204F1-CAA1-45B0-8DDF-937A26C9A125}.Debug|Any CPU.ActiveCfg = Debug|Any CPU
		{496204F1-CAA1-45B0-8DDF-937A26C9A125}.Debug|Any CPU.Build.0 = Debug|Any CPU
		{496204F1-CAA1-45B0-8DDF-937A26C9A125}.Release|Any CPU.ActiveCfg = Release|Any CPU
		{496204F1-CAA1-45B0-8DDF-937A26C9A125}.Release|Any CPU.Build.0 = Release|Any CPU
		{22E8BACD-E2B1-497D-A24C-4D57B237EC60}.Debug|Any CPU.ActiveCfg = Debug|Any CPU
		{22E8BACD-E2B1-497D-A24C-4D57B237EC60}.Debug|Any CPU.Build.0 = Debug|Any CPU
		{22E8BACD-E2B1-497D-A24C-4D57B237EC60}.Release|Any CPU.ActiveCfg = Release|Any CPU
		{22E8BACD-E2B1-497D-A24C-4D57B237EC60}.Release|Any CPU.Build.0 = Release|Any CPU
	EndGlobalSection
	GlobalSection(SolutionProperties) = preSolution
		HideSolutionNode = FALSE
	EndGlobalSection
EndGlobal
